
Microsoft Visual Studio Solution File, Format Version 12.00
# Visual Studio 2013
VisualStudioVersion = 12.0.31101.0
MinimumVisualStudioVersion = 10.0.40219.1
Project("{FAE04EC0-301F-11D3-BF4B-00C04F79EFBC}") = "TriggerSample", "TriggerSample\TriggerSample\TriggerSample.csproj", "{EFC29560-90F8-4D1F-9972-FB91448EB1A3}"
EndProject
Project("{FAE04EC0-301F-11D3-BF4B-00C04F79EFBC}") = "TriggerSample.iOS", "TriggerSample\TriggerSample.iOS\TriggerSample.iOS.csproj", "{C38DBA7C-8295-4E1E-8BE6-FD56804FAFF7}"
EndProject
Project("{FAE04EC0-301F-11D3-BF4B-00C04F79EFBC}") = "TriggerSample.Droid", "TriggerSample\TriggerSample.Droid\TriggerSample.Droid.csproj", "{7D3F0483-F32C-4B54-9CF4-D5583B6B7DDB}"
EndProject
Project("{FAE04EC0-301F-11D3-BF4B-00C04F79EFBC}") = "TriggerSample.WinPhone", "TriggerSample\TriggerSample.WinPhone\TriggerSample.WinPhone.csproj", "{3A2558B8-E6C1-44A5-8775-88F04451533E}"
EndProject
Global
	GlobalSection(SolutionConfigurationPlatforms) = preSolution
		Ad-Hoc|Any CPU = Ad-Hoc|Any CPU
		Ad-Hoc|ARM = Ad-Hoc|ARM
		Ad-Hoc|iPhone = Ad-Hoc|iPhone
		Ad-Hoc|iPhoneSimulator = Ad-Hoc|iPhoneSimulator
		Ad-Hoc|Mixed Platforms = Ad-Hoc|Mixed Platforms
		Ad-Hoc|x86 = Ad-Hoc|x86
		AppStore|Any CPU = AppStore|Any CPU
		AppStore|ARM = AppStore|ARM
		AppStore|iPhone = AppStore|iPhone
		AppStore|iPhoneSimulator = AppStore|iPhoneSimulator
		AppStore|Mixed Platforms = AppStore|Mixed Platforms
		AppStore|x86 = AppStore|x86
		Debug|Any CPU = Debug|Any CPU
		Debug|ARM = Debug|ARM
		Debug|iPhone = Debug|iPhone
		Debug|iPhoneSimulator = Debug|iPhoneSimulator
		Debug|Mixed Platforms = Debug|Mixed Platforms
		Debug|x86 = Debug|x86
		Release|Any CPU = Release|Any CPU
		Release|ARM = Release|ARM
		Release|iPhone = Release|iPhone
		Release|iPhoneSimulator = Release|iPhoneSimulator
		Release|Mixed Platforms = Release|Mixed Platforms
		Release|x86 = Release|x86
	EndGlobalSection
	GlobalSection(ProjectConfigurationPlatforms) = postSolution
		{EFC29560-90F8-4D1F-9972-FB91448EB1A3}.Ad-Hoc|Any CPU.ActiveCfg = Release|Any CPU
		{EFC29560-90F8-4D1F-9972-FB91448EB1A3}.Ad-Hoc|Any CPU.Build.0 = Release|Any CPU
		{EFC29560-90F8-4D1F-9972-FB91448EB1A3}.Ad-Hoc|ARM.ActiveCfg = Release|Any CPU
		{EFC29560-90F8-4D1F-9972-FB91448EB1A3}.Ad-Hoc|iPhone.ActiveCfg = Release|Any CPU
		{EFC29560-90F8-4D1F-9972-FB91448EB1A3}.Ad-Hoc|iPhoneSimulator.ActiveCfg = Release|Any CPU
		{EFC29560-90F8-4D1F-9972-FB91448EB1A3}.Ad-Hoc|Mixed Platforms.ActiveCfg = Release|Any CPU
		{EFC29560-90F8-4D1F-9972-FB91448EB1A3}.Ad-Hoc|Mixed Platforms.Build.0 = Release|Any CPU
		{EFC29560-90F8-4D1F-9972-FB91448EB1A3}.Ad-Hoc|x86.ActiveCfg = Release|Any CPU
		{EFC29560-90F8-4D1F-9972-FB91448EB1A3}.AppStore|Any CPU.ActiveCfg = Release|Any CPU
		{EFC29560-90F8-4D1F-9972-FB91448EB1A3}.AppStore|Any CPU.Build.0 = Release|Any CPU
		{EFC29560-90F8-4D1F-9972-FB91448EB1A3}.AppStore|ARM.ActiveCfg = Release|Any CPU
		{EFC29560-90F8-4D1F-9972-FB91448EB1A3}.AppStore|iPhone.ActiveCfg = Release|Any CPU
		{EFC29560-90F8-4D1F-9972-FB91448EB1A3}.AppStore|iPhoneSimulator.ActiveCfg = Release|Any CPU
		{EFC29560-90F8-4D1F-9972-FB91448EB1A3}.AppStore|Mixed Platforms.ActiveCfg = Release|Any CPU
		{EFC29560-90F8-4D1F-9972-FB91448EB1A3}.AppStore|Mixed Platforms.Build.0 = Release|Any CPU
		{EFC29560-90F8-4D1F-9972-FB91448EB1A3}.AppStore|x86.ActiveCfg = Release|Any CPU
		{EFC29560-90F8-4D1F-9972-FB91448EB1A3}.Debug|Any CPU.ActiveCfg = Debug|Any CPU
		{EFC29560-90F8-4D1F-9972-FB91448EB1A3}.Debug|Any CPU.Build.0 = Debug|Any CPU
		{EFC29560-90F8-4D1F-9972-FB91448EB1A3}.Debug|ARM.ActiveCfg = Debug|Any CPU
		{EFC29560-90F8-4D1F-9972-FB91448EB1A3}.Debug|iPhone.ActiveCfg = Debug|Any CPU
		{EFC29560-90F8-4D1F-9972-FB91448EB1A3}.Debug|iPhone.Build.0 = Debug|Any CPU
		{EFC29560-90F8-4D1F-9972-FB91448EB1A3}.Debug|iPhoneSimulator.ActiveCfg = Debug|Any CPU
		{EFC29560-90F8-4D1F-9972-FB91448EB1A3}.Debug|iPhoneSimulator.Build.0 = Debug|Any CPU
		{EFC29560-90F8-4D1F-9972-FB91448EB1A3}.Debug|Mixed Platforms.ActiveCfg = Debug|Any CPU
		{EFC29560-90F8-4D1F-9972-FB91448EB1A3}.Debug|Mixed Platforms.Build.0 = Debug|Any CPU
		{EFC29560-90F8-4D1F-9972-FB91448EB1A3}.Debug|x86.ActiveCfg = Debug|Any CPU
		{EFC29560-90F8-4D1F-9972-FB91448EB1A3}.Release|Any CPU.ActiveCfg = Release|Any CPU
		{EFC29560-90F8-4D1F-9972-FB91448EB1A3}.Release|Any CPU.Build.0 = Release|Any CPU
		{EFC29560-90F8-4D1F-9972-FB91448EB1A3}.Release|ARM.ActiveCfg = Release|Any CPU
		{EFC29560-90F8-4D1F-9972-FB91448EB1A3}.Release|iPhone.ActiveCfg = Release|Any CPU
		{EFC29560-90F8-4D1F-9972-FB91448EB1A3}.Release|iPhoneSimulator.ActiveCfg = Release|Any CPU
		{EFC29560-90F8-4D1F-9972-FB91448EB1A3}.Release|Mixed Platforms.ActiveCfg = Release|Any CPU
		{EFC29560-90F8-4D1F-9972-FB91448EB1A3}.Release|Mixed Platforms.Build.0 = Release|Any CPU
		{EFC29560-90F8-4D1F-9972-FB91448EB1A3}.Release|x86.ActiveCfg = Release|Any CPU
		{C38DBA7C-8295-4E1E-8BE6-FD56804FAFF7}.Ad-Hoc|Any CPU.ActiveCfg = Ad-Hoc|iPhone
		{C38DBA7C-8295-4E1E-8BE6-FD56804FAFF7}.Ad-Hoc|ARM.ActiveCfg = Ad-Hoc|iPhone
		{C38DBA7C-8295-4E1E-8BE6-FD56804FAFF7}.Ad-Hoc|iPhone.ActiveCfg = Ad-Hoc|iPhone
		{C38DBA7C-8295-4E1E-8BE6-FD56804FAFF7}.Ad-Hoc|iPhone.Build.0 = Ad-Hoc|iPhone
		{C38DBA7C-8295-4E1E-8BE6-FD56804FAFF7}.Ad-Hoc|iPhoneSimulator.ActiveCfg = Ad-Hoc|iPhoneSimulator
		{C38DBA7C-8295-4E1E-8BE6-FD56804FAFF7}.Ad-Hoc|iPhoneSimulator.Build.0 = Ad-Hoc|iPhoneSimulator
		{C38DBA7C-8295-4E1E-8BE6-FD56804FAFF7}.Ad-Hoc|Mixed Platforms.ActiveCfg = Ad-Hoc|iPhone
		{C38DBA7C-8295-4E1E-8BE6-FD56804FAFF7}.Ad-Hoc|Mixed Platforms.Build.0 = Ad-Hoc|iPhone
		{C38DBA7C-8295-4E1E-8BE6-FD56804FAFF7}.Ad-Hoc|x86.ActiveCfg = Ad-Hoc|iPhone
		{C38DBA7C-8295-4E1E-8BE6-FD56804FAFF7}.AppStore|Any CPU.ActiveCfg = AppStore|iPhone
		{C38DBA7C-8295-4E1E-8BE6-FD56804FAFF7}.AppStore|ARM.ActiveCfg = AppStore|iPhone
		{C38DBA7C-8295-4E1E-8BE6-FD56804FAFF7}.AppStore|iPhone.ActiveCfg = AppStore|iPhone
		{C38DBA7C-8295-4E1E-8BE6-FD56804FAFF7}.AppStore|iPhone.Build.0 = AppStore|iPhone
		{C38DBA7C-8295-4E1E-8BE6-FD56804FAFF7}.AppStore|iPhoneSimulator.ActiveCfg = AppStore|iPhoneSimulator
		{C38DBA7C-8295-4E1E-8BE6-FD56804FAFF7}.AppStore|iPhoneSimulator.Build.0 = AppStore|iPhoneSimulator
		{C38DBA7C-8295-4E1E-8BE6-FD56804FAFF7}.AppStore|Mixed Platforms.ActiveCfg = AppStore|iPhone
		{C38DBA7C-8295-4E1E-8BE6-FD56804FAFF7}.AppStore|Mixed Platforms.Build.0 = AppStore|iPhone
		{C38DBA7C-8295-4E1E-8BE6-FD56804FAFF7}.AppStore|x86.ActiveCfg = AppStore|iPhone
		{C38DBA7C-8295-4E1E-8BE6-FD56804FAFF7}.Debug|Any CPU.ActiveCfg = Debug|iPhone
		{C38DBA7C-8295-4E1E-8BE6-FD56804FAFF7}.Debug|ARM.ActiveCfg = Debug|iPhone
		{C38DBA7C-8295-4E1E-8BE6-FD56804FAFF7}.Debug|iPhone.ActiveCfg = Debug|iPhoneSimulator
		{C38DBA7C-8295-4E1E-8BE6-FD56804FAFF7}.Debug|iPhone.Build.0 = Debug|iPhoneSimulator
		{C38DBA7C-8295-4E1E-8BE6-FD56804FAFF7}.Debug|iPhoneSimulator.ActiveCfg = Debug|iPhoneSimulator
		{C38DBA7C-8295-4E1E-8BE6-FD56804FAFF7}.Debug|iPhoneSimulator.Build.0 = Debug|iPhoneSimulator
		{C38DBA7C-8295-4E1E-8BE6-FD56804FAFF7}.Debug|Mixed Platforms.ActiveCfg = Debug|iPhone
		{C38DBA7C-8295-4E1E-8BE6-FD56804FAFF7}.Debug|Mixed Platforms.Build.0 = Debug|iPhone
		{C38DBA7C-8295-4E1E-8BE6-FD56804FAFF7}.Debug|x86.ActiveCfg = Debug|iPhone
		{C38DBA7C-8295-4E1E-8BE6-FD56804FAFF7}.Release|Any CPU.ActiveCfg = Release|iPhone
		{C38DBA7C-8295-4E1E-8BE6-FD56804FAFF7}.Release|ARM.ActiveCfg = Release|iPhone
		{C38DBA7C-8295-4E1E-8BE6-FD56804FAFF7}.Release|iPhone.ActiveCfg = Release|iPhone
		{C38DBA7C-8295-4E1E-8BE6-FD56804FAFF7}.Release|iPhone.Build.0 = Release|iPhone
		{C38DBA7C-8295-4E1E-8BE6-FD56804FAFF7}.Release|iPhoneSimulator.ActiveCfg = Release|iPhoneSimulator
		{C38DBA7C-8295-4E1E-8BE6-FD56804FAFF7}.Release|iPhoneSimulator.Build.0 = Release|iPhoneSimulator
		{C38DBA7C-8295-4E1E-8BE6-FD56804FAFF7}.Release|Mixed Platforms.ActiveCfg = Release|iPhone
		{C38DBA7C-8295-4E1E-8BE6-FD56804FAFF7}.Release|Mixed Platforms.Build.0 = Release|iPhone
		{C38DBA7C-8295-4E1E-8BE6-FD56804FAFF7}.Release|x86.ActiveCfg = Release|iPhone
		{7D3F0483-F32C-4B54-9CF4-D5583B6B7DDB}.Ad-Hoc|Any CPU.ActiveCfg = Release|Any CPU
		{7D3F0483-F32C-4B54-9CF4-D5583B6B7DDB}.Ad-Hoc|Any CPU.Build.0 = Release|Any CPU
		{7D3F0483-F32C-4B54-9CF4-D5583B6B7DDB}.Ad-Hoc|Any CPU.Deploy.0 = Release|Any CPU
		{7D3F0483-F32C-4B54-9CF4-D5583B6B7DDB}.Ad-Hoc|ARM.ActiveCfg = Release|Any CPU
		{7D3F0483-F32C-4B54-9CF4-D5583B6B7DDB}.Ad-Hoc|iPhone.ActiveCfg = Release|Any CPU
		{7D3F0483-F32C-4B54-9CF4-D5583B6B7DDB}.Ad-Hoc|iPhoneSimulator.ActiveCfg = Release|Any CPU
		{7D3F0483-F32C-4B54-9CF4-D5583B6B7DDB}.Ad-Hoc|Mixed Platforms.ActiveCfg = Release|Any CPU
		{7D3F0483-F32C-4B54-9CF4-D5583B6B7DDB}.Ad-Hoc|Mixed Platforms.Build.0 = Release|Any CPU
		{7D3F0483-F32C-4B54-9CF4-D5583B6B7DDB}.Ad-Hoc|Mixed Platforms.Deploy.0 = Release|Any CPU
		{7D3F0483-F32C-4B54-9CF4-D5583B6B7DDB}.Ad-Hoc|x86.ActiveCfg = Release|Any CPU
		{7D3F0483-F32C-4B54-9CF4-D5583B6B7DDB}.AppStore|Any CPU.ActiveCfg = Release|Any CPU
		{7D3F0483-F32C-4B54-9CF4-D5583B6B7DDB}.AppStore|Any CPU.Build.0 = Release|Any CPU
		{7D3F0483-F32C-4B54-9CF4-D5583B6B7DDB}.AppStore|Any CPU.Deploy.0 = Release|Any CPU
		{7D3F0483-F32C-4B54-9CF4-D5583B6B7DDB}.AppStore|ARM.ActiveCfg = Release|Any CPU
		{7D3F0483-F32C-4B54-9CF4-D5583B6B7DDB}.AppStore|iPhone.ActiveCfg = Release|Any CPU
		{7D3F0483-F32C-4B54-9CF4-D5583B6B7DDB}.AppStore|iPhoneSimulator.ActiveCfg = Release|Any CPU
		{7D3F0483-F32C-4B54-9CF4-D5583B6B7DDB}.AppStore|Mixed Platforms.ActiveCfg = Release|Any CPU
		{7D3F0483-F32C-4B54-9CF4-D5583B6B7DDB}.AppStore|Mixed Platforms.Build.0 = Release|Any CPU
		{7D3F0483-F32C-4B54-9CF4-D5583B6B7DDB}.AppStore|Mixed Platforms.Deploy.0 = Release|Any CPU
		{7D3F0483-F32C-4B54-9CF4-D5583B6B7DDB}.AppStore|x86.ActiveCfg = Release|Any CPU
		{7D3F0483-F32C-4B54-9CF4-D5583B6B7DDB}.Debug|Any CPU.ActiveCfg = Debug|Any CPU
		{7D3F0483-F32C-4B54-9CF4-D5583B6B7DDB}.Debug|Any CPU.Build.0 = Debug|Any CPU
		{7D3F0483-F32C-4B54-9CF4-D5583B6B7DDB}.Debug|Any CPU.Deploy.0 = Debug|Any CPU
		{7D3F0483-F32C-4B54-9CF4-D5583B6B7DDB}.Debug|ARM.ActiveCfg = Debug|Any CPU
		{7D3F0483-F32C-4B54-9CF4-D5583B6B7DDB}.Debug|iPhone.ActiveCfg = Debug|Any CPU
		{7D3F0483-F32C-4B54-9CF4-D5583B6B7DDB}.Debug|iPhoneSimulator.ActiveCfg = Debug|Any CPU
		{7D3F0483-F32C-4B54-9CF4-D5583B6B7DDB}.Debug|iPhoneSimulator.Build.0 = Debug|Any CPU
		{7D3F0483-F32C-4B54-9CF4-D5583B6B7DDB}.Debug|iPhoneSimulator.Deploy.0 = Debug|Any CPU
		{7D3F0483-F32C-4B54-9CF4-D5583B6B7DDB}.Debug|Mixed Platforms.ActiveCfg = Debug|Any CPU
		{7D3F0483-F32C-4B54-9CF4-D5583B6B7DDB}.Debug|Mixed Platforms.Build.0 = Debug|Any CPU
		{7D3F0483-F32C-4B54-9CF4-D5583B6B7DDB}.Debug|Mixed Platforms.Deploy.0 = Debug|Any CPU
		{7D3F0483-F32C-4B54-9CF4-D5583B6B7DDB}.Debug|x86.ActiveCfg = Debug|Any CPU
		{7D3F0483-F32C-4B54-9CF4-D5583B6B7DDB}.Release|Any CPU.ActiveCfg = Release|Any CPU
		{7D3F0483-F32C-4B54-9CF4-D5583B6B7DDB}.Release|Any CPU.Build.0 = Release|Any CPU
		{7D3F0483-F32C-4B54-9CF4-D5583B6B7DDB}.Release|Any CPU.Deploy.0 = Release|Any CPU
		{7D3F0483-F32C-4B54-9CF4-D5583B6B7DDB}.Release|ARM.ActiveCfg = Release|Any CPU
		{7D3F0483-F32C-4B54-9CF4-D5583B6B7DDB}.Release|iPhone.ActiveCfg = Release|Any CPU
		{7D3F0483-F32C-4B54-9CF4-D5583B6B7DDB}.Release|iPhoneSimulator.ActiveCfg = Release|Any CPU
		{7D3F0483-F32C-4B54-9CF4-D5583B6B7DDB}.Release|Mixed Platforms.ActiveCfg = Release|Any CPU
		{7D3F0483-F32C-4B54-9CF4-D5583B6B7DDB}.Release|Mixed Platforms.Build.0 = Release|Any CPU
		{7D3F0483-F32C-4B54-9CF4-D5583B6B7DDB}.Release|Mixed Platforms.Deploy.0 = Release|Any CPU
		{7D3F0483-F32C-4B54-9CF4-D5583B6B7DDB}.Release|x86.ActiveCfg = Release|Any CPU
		{3A2558B8-E6C1-44A5-8775-88F04451533E}.Ad-Hoc|Any CPU.ActiveCfg = Release|Any CPU
		{3A2558B8-E6C1-44A5-8775-88F04451533E}.Ad-Hoc|Any CPU.Build.0 = Release|Any CPU
		{3A2558B8-E6C1-44A5-8775-88F04451533E}.Ad-Hoc|Any CPU.Deploy.0 = Release|Any CPU
		{3A2558B8-E6C1-44A5-8775-88F04451533E}.Ad-Hoc|ARM.ActiveCfg = Release|ARM
		{3A2558B8-E6C1-44A5-8775-88F04451533E}.Ad-Hoc|ARM.Build.0 = Release|ARM
		{3A2558B8-E6C1-44A5-8775-88F04451533E}.Ad-Hoc|ARM.Deploy.0 = Release|ARM
		{3A2558B8-E6C1-44A5-8775-88F04451533E}.Ad-Hoc|iPhone.ActiveCfg = Release|Any CPU
		{3A2558B8-E6C1-44A5-8775-88F04451533E}.Ad-Hoc|iPhoneSimulator.ActiveCfg = Release|Any CPU
		{3A2558B8-E6C1-44A5-8775-88F04451533E}.Ad-Hoc|Mixed Platforms.ActiveCfg = Release|x86
		{3A2558B8-E6C1-44A5-8775-88F04451533E}.Ad-Hoc|Mixed Platforms.Build.0 = Release|x86
		{3A2558B8-E6C1-44A5-8775-88F04451533E}.Ad-Hoc|Mixed Platforms.Deploy.0 = Release|x86
		{3A2558B8-E6C1-44A5-8775-88F04451533E}.Ad-Hoc|x86.ActiveCfg = Release|x86
		{3A2558B8-E6C1-44A5-8775-88F04451533E}.Ad-Hoc|x86.Build.0 = Release|x86
		{3A2558B8-E6C1-44A5-8775-88F04451533E}.Ad-Hoc|x86.Deploy.0 = Release|x86
		{3A2558B8-E6C1-44A5-8775-88F04451533E}.AppStore|Any CPU.ActiveCfg = Release|Any CPU
		{3A2558B8-E6C1-44A5-8775-88F04451533E}.AppStore|Any CPU.Build.0 = Release|Any CPU
		{3A2558B8-E6C1-44A5-8775-88F04451533E}.AppStore|Any CPU.Deploy.0 = Release|Any CPU
		{3A2558B8-E6C1-44A5-8775-88F04451533E}.AppStore|ARM.ActiveCfg = Release|ARM
		{3A2558B8-E6C1-44A5-8775-88F04451533E}.AppStore|ARM.Build.0 = Release|ARM
		{3A2558B8-E6C1-44A5-8775-88F04451533E}.AppStore|ARM.Deploy.0 = Release|ARM
		{3A2558B8-E6C1-44A5-8775-88F04451533E}.AppStore|iPhone.ActiveCfg = Release|Any CPU
		{3A2558B8-E6C1-44A5-8775-88F04451533E}.AppStore|iPhoneSimulator.ActiveCfg = Release|Any CPU
		{3A2558B8-E6C1-44A5-8775-88F04451533E}.AppStore|Mixed Platforms.ActiveCfg = Release|x86
		{3A2558B8-E6C1-44A5-8775-88F04451533E}.AppStore|Mixed Platforms.Build.0 = Release|x86
		{3A2558B8-E6C1-44A5-8775-88F04451533E}.AppStore|Mixed Platforms.Deploy.0 = Release|x86
		{3A2558B8-E6C1-44A5-8775-88F04451533E}.AppStore|x86.ActiveCfg = Release|x86
		{3A2558B8-E6C1-44A5-8775-88F04451533E}.AppStore|x86.Build.0 = Release|x86
		{3A2558B8-E6C1-44A5-8775-88F04451533E}.AppStore|x86.Deploy.0 = Release|x86
		{3A2558B8-E6C1-44A5-8775-88F04451533E}.Debug|Any CPU.ActiveCfg = Debug|Any CPU
		{3A2558B8-E6C1-44A5-8775-88F04451533E}.Debug|Any CPU.Build.0 = Debug|Any CPU
		{3A2558B8-E6C1-44A5-8775-88F04451533E}.Debug|Any CPU.Deploy.0 = Debug|Any CPU
		{3A2558B8-E6C1-44A5-8775-88F04451533E}.Debug|ARM.ActiveCfg = Debug|ARM
		{3A2558B8-E6C1-44A5-8775-88F04451533E}.Debug|ARM.Build.0 = Debug|ARM
		{3A2558B8-E6C1-44A5-8775-88F04451533E}.Debug|ARM.Deploy.0 = Debug|ARM
		{3A2558B8-E6C1-44A5-8775-88F04451533E}.Debug|iPhone.ActiveCfg = Debug|Any CPU
		{3A2558B8-E6C1-44A5-8775-88F04451533E}.Debug|iPhoneSimulator.ActiveCfg = Debug|Any CPU
		{3A2558B8-E6C1-44A5-8775-88F04451533E}.Debug|iPhoneSimulator.Build.0 = Debug|Any CPU
		{3A2558B8-E6C1-44A5-8775-88F04451533E}.Debug|iPhoneSimulator.Deploy.0 = Debug|Any CPU
		{3A2558B8-E6C1-44A5-8775-88F04451533E}.Debug|Mixed Platforms.ActiveCfg = Debug|x86
		{3A2558B8-E6C1-44A5-8775-88F04451533E}.Debug|Mixed Platforms.Build.0 = Debug|x86
		{3A2558B8-E6C1-44A5-8775-88F04451533E}.Debug|Mixed Platforms.Deploy.0 = Debug|x86
		{3A2558B8-E6C1-44A5-8775-88F04451533E}.Debug|x86.ActiveCfg = Debug|x86
		{3A2558B8-E6C1-44A5-8775-88F04451533E}.Debug|x86.Build.0 = Debug|x86
		{3A2558B8-E6C1-44A5-8775-88F04451533E}.Debug|x86.Deploy.0 = Debug|x86
		{3A2558B8-E6C1-44A5-8775-88F04451533E}.Release|Any CPU.ActiveCfg = Release|Any CPU
		{3A2558B8-E6C1-44A5-8775-88F04451533E}.Release|Any CPU.Build.0 = Release|Any CPU
		{3A2558B8-E6C1-44A5-8775-88F04451533E}.Release|Any CPU.Deploy.0 = Release|Any CPU
		{3A2558B8-E6C1-44A5-8775-88F04451533E}.Release|ARM.ActiveCfg = Release|ARM
		{3A2558B8-E6C1-44A5-8775-88F04451533E}.Release|ARM.Build.0 = Release|ARM
		{3A2558B8-E6C1-44A5-8775-88F04451533E}.Release|ARM.Deploy.0 = Release|ARM
		{3A2558B8-E6C1-44A5-8775-88F04451533E}.Release|iPhone.ActiveCfg = Release|Any CPU
		{3A2558B8-E6C1-44A5-8775-88F04451533E}.Release|iPhoneSimulator.ActiveCfg = Release|Any CPU
		{3A2558B8-E6C1-44A5-8775-88F04451533E}.Release|Mixed Platforms.ActiveCfg = Release|x86
		{3A2558B8-E6C1-44A5-8775-88F04451533E}.Release|Mixed Platforms.Build.0 = Release|x86
		{3A2558B8-E6C1-44A5-8775-88F04451533E}.Release|Mixed Platforms.Deploy.0 = Release|x86
		{3A2558B8-E6C1-44A5-8775-88F04451533E}.Release|x86.ActiveCfg = Release|x86
		{3A2558B8-E6C1-44A5-8775-88F04451533E}.Release|x86.Build.0 = Release|x86
		{3A2558B8-E6C1-44A5-8775-88F04451533E}.Release|x86.Deploy.0 = Release|x86
	EndGlobalSection
	GlobalSection(SolutionProperties) = preSolution
		HideSolutionNode = FALSE
	EndGlobalSection
EndGlobal
